// !$*UTF8*$!
{
	archiveVersion = 1;
	classes = {
	};
	objectVersion = 50;
	objects = {

/* Begin PBXBuildFile section */
		B9C835EB20A594E300B0B306 /* AppDelegate.swift in Sources */ = {isa = PBXBuildFile; fileRef = B9C835EA20A594E300B0B306 /* AppDelegate.swift */; };
		B9C835ED20A594E300B0B306 /* ViewController.swift in Sources */ = {isa = PBXBuildFile; fileRef = B9C835EC20A594E300B0B306 /* ViewController.swift */; };
		B9C835F020A594E300B0B306 /* Main.storyboard in Resources */ = {isa = PBXBuildFile; fileRef = B9C835EE20A594E300B0B306 /* Main.storyboard */; };
		B9C835F320A594E300B0B306 /* NumberToText.xcdatamodeld in Sources */ = {isa = PBXBuildFile; fileRef = B9C835F120A594E300B0B306 /* NumberToText.xcdatamodeld */; };
		B9C835F520A594E500B0B306 /* Assets.xcassets in Resources */ = {isa = PBXBuildFile; fileRef = B9C835F420A594E500B0B306 /* Assets.xcassets */; };
		B9C835F820A594E500B0B306 /* LaunchScreen.storyboard in Resources */ = {isa = PBXBuildFile; fileRef = B9C835F620A594E500B0B306 /* LaunchScreen.storyboard */; };
/* End PBXBuildFile section */

/* Begin PBXFileReference section */
		B9C835E720A594E300B0B306 /* NumberToText.app */ = {isa = PBXFileReference; explicitFileType = wrapper.application; includeInIndex = 0; path = NumberToText.app; sourceTree = BUILT_PRODUCTS_DIR; };
		B9C835EA20A594E300B0B306 /* AppDelegate.swift */ = {isa = PBXFileReference; lastKnownFileType = sourcecode.swift; path = AppDelegate.swift; sourceTree = "<group>"; };
		B9C835EC20A594E300B0B306 /* ViewController.swift */ = {isa = PBXFileReference; lastKnownFileType = sourcecode.swift; path = ViewController.swift; sourceTree = "<group>"; };
		B9C835EF20A594E300B0B306 /* Base */ = {isa = PBXFileReference; lastKnownFileType = file.storyboard; name = Base; path = Base.lproj/Main.storyboard; sourceTree = "<group>"; };
		B9C835F220A594E300B0B306 /* NumberToText.xcdatamodel */ = {isa = PBXFileReference; lastKnownFileType = wrapper.xcdatamodel; path = NumberToText.xcdatamodel; sourceTree = "<group>"; };
		B9C835F420A594E500B0B306 /* Assets.xcassets */ = {isa = PBXFileReference; lastKnownFileType = folder.assetcatalog; path = Assets.xcassets; sourceTree = "<group>"; };
		B9C835F720A594E500B0B306 /* Base */ = {isa = PBXFileReference; lastKnownFileType = file.storyboard; name = Base; path = Base.lproj/LaunchScreen.storyboard; sourceTree = "<group>"; };
		B9C835F920A594E500B0B306 /* Info.plist */ = {isa = PBXFileReference; lastKnownFileType = text.plist.xml; path = Info.plist; sourceTree = "<group>"; };
/* End PBXFileReference section */

/* Begin PBXFrameworksBuildPhase section */
		B9C835E420A594E300B0B306 /* Frameworks */ = {
			isa = PBXFrameworksBuildPhase;
			buildActionMask = 2147483647;
			files = (
			);
			runOnlyForDeploymentPostprocessing = 0;
		};
/* End PBXFrameworksBuildPhase section */

/* Begin PBXGroup section */
		B9C835DE20A594E300B0B306 = {
			isa = PBXGroup;
			children = (
				B9C835E920A594E300B0B306 /* NumberToText */,
				B9C835E820A594E300B0B306 /* Products */,
			);
			sourceTree = "<group>";
		};
		B9C835E820A594E300B0B306 /* Products */ = {
			isa = PBXGroup;
			children = (
				B9C835E720A594E300B0B306 /* NumberToText.app */,
			);
			name = Products;
			sourceTree = "<group>";
		};
		B9C835E920A594E300B0B306 /* NumberToText */ = {
			isa = PBXGroup;
			children = (
				B9C835EA20A594E300B0B306 /* AppDelegate.swift */,
				B9C835EC20A594E300B0B306 /* ViewController.swift */,
				B9C835EE20A594E300B0B306 /* Main.storyboard */,
				B9C835F420A594E500B0B306 /* Assets.xcassets */,
				B9C835F620A594E500B0B306 /* LaunchScreen.storyboard */,
				B9C835F920A594E500B0B306 /* Info.plist */,
				B9C835F120A594E300B0B306 /* NumberToText.xcdatamodeld */,
			);
			path = NumberToText;
			sourceTree = "<group>";
		};
/* End PBXGroup section */

/* Begin PBXNativeTarget section */
		B9C835E620A594E300B0B306 /* NumberToText */ = {
			isa = PBXNativeTarget;
			buildConfigurationList = B9C835FC20A594E500B0B306 /* Build configuration list for PBXNativeTarget "NumberToText" */;
			buildPhases = (
				B9C835E320A594E300B0B306 /* Sources */,
				B9C835E420A594E300B0B306 /* Frameworks */,
				B9C835E520A594E300B0B306 /* Resources */,
			);
			buildRules = (
			);
			dependencies = (
			);
			name = NumberToText;
			productName = NumberToText;
			productReference = B9C835E720A594E300B0B306 /* NumberToText.app */;
			productType = "com.apple.product-type.application";
		};
/* End PBXNativeTarget section */

/* Begin PBXProject section */
		B9C835DF20A594E300B0B306 /* Project object */ = {
			isa = PBXProject;
			attributes = {
				LastSwiftUpdateCheck = 0930;
				LastUpgradeCheck = 0930;
				ORGANIZATIONNAME = GBC;
				TargetAttributes = {
					B9C835E620A594E300B0B306 = {
						CreatedOnToolsVersion = 9.3;
					};
				};
			};
			buildConfigurationList = B9C835E220A594E300B0B306 /* Build configuration list for PBXProject "NumberToText" */;
			compatibilityVersion = "Xcode 9.3";
			developmentRegion = en;
			hasScannedForEncodings = 0;
			knownRegions = (
				en,
				Base,
			);
			mainGroup = B9C835DE20A594E300B0B306;
			productRefGroup = B9C835E820A594E300B0B306 /* Products */;
			projectDirPath = "";
			projectRoot = "";
			targets = (
				B9C835E620A594E300B0B306 /* NumberToText */,
			);
		};
/* End PBXProject section */

/* Begin PBXResourcesBuildPhase section */
		B9C835E520A594E300B0B306 /* Resources */ = {
			isa = PBXResourcesBuildPhase;
			buildActionMask = 2147483647;
			files = (
				B9C835F820A594E500B0B306 /* LaunchScreen.storyboard in Resources */,
				B9C835F520A594E500B0B306 /* Assets.xcassets in Resources */,
				B9C835F020A594E300B0B306 /* Main.storyboard in Resources */,
			);
			runOnlyForDeploymentPostprocessing = 0;
		};
/* End PBXResourcesBuildPhase section */

/* Begin PBXSourcesBuildPhase section */
		B9C835E320A594E300B0B306 /* Sources */ = {
			isa = PBXSourcesBuildPhase;
			buildActionMask = 2147483647;
			files = (
				B9C835ED20A594E300B0B306 /* ViewController.swift in Sources */,
				B9C835F320A594E300B0B306 /* NumberToText.xcdatamodeld in Sources */,
				B9C835EB20A594E300B0B306 /* AppDelegate.swift in Sources */,
			);
			runOnlyForDeploymentPostprocessing = 0;
		};
/* End PBXSourcesBuildPhase section */

/* Begin PBXVariantGroup section */
		B9C835EE20A594E300B0B306 /* Main.storyboard */ = {
			isa = PBXVariantGroup;
			children = (
				B9C835EF20A594E300B0B306 /* Base */,
			);
			name = Main.storyboard;
			sourceTree = "<group>";
		};
		B9C835F620A594E500B0B306 /* LaunchScreen.storyboard */ = {
			isa = PBXVariantGroup;
			children = (
				B9C835F720A594E500B0B306 /* Base */,
			);
			name = LaunchScreen.storyboard;
			sourceTree = "<group>";
		};
/* End PBXVariantGroup section */

/* Begin XCBuildConfiguration section */
		B9C835FA20A594E500B0B306 /* Debug */ = {
			isa = XCBuildConfiguration;
			buildSettings = {
				ALWAYS_SEARCH_USER_PATHS = NO;
				CLANG_ANALYZER_NONNULL = YES;
				CLANG_ANALYZER_NUMBER_OBJECT_CONVERSION = YES_AGGRESSIVE;
				CLANG_CXX_LANGUAGE_STANDARD = "gnu++14";
				CLANG_CXX_LIBRARY = "libc++";
				CLANG_ENABLE_MODULES = YES;
				CLANG_ENABLE_OBJC_ARC = YES;
				CLANG_ENABLE_OBJC_WEAK = YES;
				CLANG_WARN_BLOCK_CAPTURE_AUTORELEASING = YES;
				CLANG_WARN_BOOL_CONVERSION = YES;
				CLANG_WARN_COMMA = YES;
				CLANG_WARN_CONSTANT_CONVERSION = YES;
				CLANG_WARN_DEPRECATED_OBJC_IMPLEMENTATIONS = YES;
				CLANG_WARN_DIRECT_OBJC_ISA_USAGE = YES_ERROR;
				CLANG_WARN_DOCUMENTATION_COMMENTS = YES;
				CLANG_WARN_EMPTY_BODY = YES;
				CLANG_WARN_ENUM_CONVERSION = YES;
				CLANG_WARN_INFINITE_RECURSION = YES;
				CLANG_WARN_INT_CONVERSION = YES;
				CLANG_WARN_NON_LITERAL_NULL_CONVERSION = YES;
				CLANG_WARN_OBJC_IMPLICIT_RETAIN_SELF = YES;
				CLANG_WARN_OBJC_LITERAL_CONVERSION = YES;
				CLANG_WARN_OBJC_ROOT_CLASS = YES_ERROR;
				CLANG_WARN_RANGE_LOOP_ANALYSIS = YES;
				CLANG_WARN_STRICT_PROTOTYPES = YES;
				CLANG_WARN_SUSPICIOUS_MOVE = YES;
				CLANG_WARN_UNGUARDED_AVAILABILITY = YES_AGGRESSIVE;
				CLANG_WARN_UNREACHABLE_CODE = YES;
				CLANG_WARN__DUPLICATE_METHOD_MATCH = YES;
				CODE_SIGN_IDENTITY = "iPhone Developer";
				COPY_PHASE_STRIP = NO;
				DEBUG_INFORMATION_FORMAT = dwarf;
				ENABLE_STRICT_OBJC_MSGSEND = YES;
				ENABLE_TESTABILITY = YES;
				GCC_C_LANGUAGE_STANDARD = gnu11;
				GCC_DYNAMIC_NO_PIC = NO;
				GCC_NO_COMMON_BLOCKS = YES;
				GCC_OPTIMIZATION_LEVEL = 0;
				GCC_PREPROCESSOR_DEFINITIONS = (
					"DEBUG=1",
					"$(inherited)",
				);
				GCC_WARN_64_TO_32_BIT_CONVERSION = YES;
				GCC_WARN_ABOUT_RETURN_TYPE = YES_ERROR;
				GCC_WARN_UNDECLARED_SELECTOR = YES;
				GCC_WARN_UNINITIALIZED_AUTOS = YES_AGGRESSIVE;
				GCC_WARN_UNUSED_FUNCTION = YES;
				GCC_WARN_UNUSED_VARIABLE = YES;
				IPHONEOS_DEPLOYMENT_TARGET = 11.3;
				MTL_ENABLE_DEBUG_INFO = YES;
				ONLY_ACTIVE_ARCH = YES;
				SDKROOT = iphoneos;
				SWIFT_ACTIVE_COMPILATION_CONDITIONS = DEBUG;
				SWIFT_OPTIMIZATION_LEVEL = "-Onone";
			};
			name = Debug;
		};
		B9C835FB20A594E500B0B306 /* Release */ = {
			isa = XCBuildConfiguration;
			buildSettings = {
				ALWAYS_SEARCH_USER_PATHS = NO;
				CLANG_ANALYZER_NONNULL = YES;
				CLANG_ANALYZER_NUMBER_OBJECT_CONVERSION = YES_AGGRESSIVE;
				CLANG_CXX_LANGUAGE_STANDARD = "gnu++14";
				CLANG_CXX_LIBRARY = "libc++";
				CLANG_ENABLE_MODULES = YES;
				CLANG_ENABLE_OBJC_ARC = YES;
				CLANG_ENABLE_OBJC_WEAK = YES;
				CLANG_WARN_BLOCK_CAPTURE_AUTORELEASING = YES;
				CLANG_WARN_BOOL_CONVERSION = YES;
				CLANG_WARN_COMMA = YES;
				CLANG_WARN_CONSTANT_CONVERSION = YES;
				CLANG_WARN_DEPRECATED_OBJC_IMPLEMENTATIONS = YES;
				CLANG_WARN_DIRECT_OBJC_ISA_USAGE = YES_ERROR;
				CLANG_WARN_DOCUMENTATION_COMMENTS = YES;
				CLANG_WARN_EMPTY_BODY = YES;
				CLANG_WARN_ENUM_CONVERSION = YES;
				CLANG_WARN_INFINITE_RECURSION = YES;
				CLANG_WARN_INT_CONVERSION = YES;
				CLANG_WARN_NON_LITERAL_NULL_CONVERSION = YES;
				CLANG_WARN_OBJC_IMPLICIT_RETAIN_SELF = YES;
				CLANG_WARN_OBJC_LITERAL_CONVERSION = YES;
				CLANG_WARN_OBJC_ROOT_CLASS = YES_ERROR;
				CLANG_WARN_RANGE_LOOP_ANALYSIS = YES;
				CLANG_WARN_STRICT_PROTOTYPES = YES;
				CLANG_WARN_SUSPICIOUS_MOVE = YES;
				CLANG_WARN_UNGUARDED_AVAILABILITY = YES_AGGRESSIVE;
				CLANG_WARN_UNREACHABLE_CODE = YES;
				CLANG_WARN__DUPLICATE_METHOD_MATCH = YES;
				CODE_SIGN_IDENTITY = "iPhone Developer";
				COPY_PHASE_STRIP = NO;
				DEBUG_INFORMATION_FORMAT = "dwarf-with-dsym";
				ENABLE_NS_ASSERTIONS = NO;
				ENABLE_STRICT_OBJC_MSGSEND = YES;
				GCC_C_LANGUAGE_STANDARD = gnu11;
				GCC_NO_COMMON_BLOCKS = YES;
				GCC_WARN_64_TO_32_BIT_CONVERSION = YES;
				GCC_WARN_ABOUT_RETURN_TYPE = YES_ERROR;
				GCC_WARN_UNDECLARED_SELECTOR = YES;
				GCC_WARN_UNINITIALIZED_AUTOS = YES_AGGRESSIVE;
				GCC_WARN_UNUSED_FUNCTION = YES;
				GCC_WARN_UNUSED_VARIABLE = YES;
				IPHONEOS_DEPLOYMENT_TARGET = 11.3;
				MTL_ENABLE_DEBUG_INFO = NO;
				SDKROOT = iphoneos;
				SWIFT_COMPILATION_MODE = wholemodule;
				SWIFT_OPTIMIZATION_LEVEL = "-O";
				VALIDATE_PRODUCT = YES;
			};
			name = Release;
		};
		B9C835FD20A594E500B0B306 /* Debug */ = {
			isa = XCBuildConfiguration;
			buildSettings = {
				ASSETCATALOG_COMPILER_APPICON_NAME = AppIcon;
				CODE_SIGN_STYLE = Automatic;
				INFOPLIST_FILE = NumberToText/Info.plist;
				LD_RUNPATH_SEARCH_PATHS = (
					"$(inherited)",
					"@executable_path/Frameworks",
				);
				PRODUCT_BUNDLE_IDENTIFIER = GBC.NumberToText;
				PRODUCT_NAME = "$(TARGET_NAME)";
				SWIFT_VERSION = 4.0;
				TARGETED_DEVICE_FAMILY = "1,2";
			};
			name = Debug;
		};
		B9C835FE20A594E500B0B306 /* Release */ = {
			isa = XCBuildConfiguration;
			buildSettings = {
				ASSETCATALOG_COMPILER_APPICON_NAME = AppIcon;
				CODE_SIGN_STYLE = Automatic;
				INFOPLIST_FILE = NumberToText/Info.plist;
				LD_RUNPATH_SEARCH_PATHS = (
					"$(inherited)",
					"@executable_path/Frameworks",
				);
				PRODUCT_BUNDLE_IDENTIFIER = GBC.NumberToText;
				PRODUCT_NAME = "$(TARGET_NAME)";
				SWIFT_VERSION = 4.0;
				TARGETED_DEVICE_FAMILY = "1,2";
			};
			name = Release;
		};
/* End XCBuildConfiguration section */

/* Begin XCConfigurationList section */
		B9C835E220A594E300B0B306 /* Build configuration list for PBXProject "NumberToText" */ = {
			isa = XCConfigurationList;
			buildConfigurations = (
				B9C835FA20A594E500B0B306 /* Debug */,
				B9C835FB20A594E500B0B306 /* Release */,
			);
			defaultConfigurationIsVisible = 0;
			defaultConfigurationName = Release;
		};
		B9C835FC20A594E500B0B306 /* Build configuration list for PBXNativeTarget "NumberToText" */ = {
			isa = XCConfigurationList;
			buildConfigurations = (
				B9C835FD20A594E500B0B306 /* Debug */,
				B9C835FE20A594E500B0B306 /* Release */,
			);
			defaultConfigurationIsVisible = 0;
			defaultConfigurationName = Release;
		};
/* End XCConfigurationList section */

/* Begin XCVersionGroup section */
		B9C835F120A594E300B0B306 /* NumberToText.xcdatamodeld */ = {
			isa = XCVersionGroup;
			children = (
				B9C835F220A594E300B0B306 /* NumberToText.xcdatamodel */,
			);
			currentVersion = B9C835F220A594E300B0B306 /* NumberToText.xcdatamodel */;
			path = NumberToText.xcdatamodeld;
			sourceTree = "<group>";
			versionGroupType = wrapper.xcdatamodel;
		};
/* End XCVersionGroup section */
	};
	rootObject = B9C835DF20A594E300B0B306 /* Project object */;
}
